// !$*UTF8*$!
{
	archiveVersion = 1;
	classes = {
	};
	objectVersion = 77;
	objects = {

/* Begin PBXBuildFile section */
		E57DF8492D3E2ED200C92863 /* BoardroomApp.swift in Sources */ = {isa = PBXBuildFile; fileRef = E57DF8482D3E2ED200C92863 /* BoardroomApp.swift */; };
/* End PBXBuildFile section */

/* Begin PBXContainerItemProxy section */
		E57DF8562D3E2ED300C92863 /* PBXContainerItemProxy */ = {
			isa = PBXContainerItemProxy;
			containerPortal = E57DF83D2D3E2ED200C92863 /* Project object */;
			proxyType = 1;
			remoteGlobalIDString = E57DF8442D3E2ED200C92863;
			remoteInfo = Boardroom;
		};
		E57DF8602D3E2ED300C92863 /* PBXContainerItemProxy */ = {
			isa = PBXContainerItemProxy;
			containerPortal = E57DF83D2D3E2ED200C92863 /* Project object */;
			proxyType = 1;
			remoteGlobalIDString = E57DF8442D3E2ED200C92863;
			remoteInfo = Boardroom;
		};
/* End PBXContainerItemProxy section */

/* Begin PBXFileReference section */
		E57DF8452D3E2ED200C92863 /* Boardroom.app */ = {isa = PBXFileReference; explicitFileType = wrapper.application; includeInIndex = 0; path = Boardroom.app; sourceTree = BUILT_PRODUCTS_DIR; };
		E57DF8482D3E2ED200C92863 /* BoardroomApp.swift */ = {isa = PBXFileReference; lastKnownFileType = sourcecode.swift; path = BoardroomApp.swift; sourceTree = "<group>"; };
		E57DF8552D3E2ED300C92863 /* BoardroomTests.xctest */ = {isa = PBXFileReference; explicitFileType = wrapper.cfbundle; includeInIndex = 0; path = BoardroomTests.xctest; sourceTree = BUILT_PRODUCTS_DIR; };
		E57DF85F2D3E2ED300C92863 /* BoardroomUITests.xctest */ = {isa = PBXFileReference; explicitFileType = wrapper.cfbundle; includeInIndex = 0; path = BoardroomUITests.xctest; sourceTree = BUILT_PRODUCTS_DIR; };
/* End PBXFileReference section */

/* Begin PBXFileSystemSynchronizedRootGroup section */
		E57DF8472D3E2ED200C92863 /* Boardroom */ = {
			isa = PBXFileSystemSynchronizedRootGroup;
			path = Boardroom;
			sourceTree = "<group>";
		};
		E57DF8582D3E2ED300C92863 /* BoardroomTests */ = {
			isa = PBXFileSystemSynchronizedRootGroup;
			path = BoardroomTests;
			sourceTree = "<group>";
		};
		E57DF8622D3E2ED300C92863 /* BoardroomUITests */ = {
			isa = PBXFileSystemSynchronizedRootGroup;
			path = BoardroomUITests;
			sourceTree = "<group>";
		};
		E5EBA6722D3F714300A8DF16 /*  Networking */ = {
			isa = PBXFileSystemSynchronizedRootGroup;
			path = " Networking";
			sourceTree = "<group>";
		};
/* End PBXFileSystemSynchronizedRootGroup section */

/* Begin PBXFrameworksBuildPhase section */
		E57DF8422D3E2ED200C92863 /* Frameworks */ = {
			isa = PBXFrameworksBuildPhase;
			buildActionMask = 2147483647;
			files = (
			);
			runOnlyForDeploymentPostprocessing = 0;
		};
		E57DF8522D3E2ED300C92863 /* Frameworks */ = {
			isa = PBXFrameworksBuildPhase;
			buildActionMask = 2147483647;
			files = (
			);
			runOnlyForDeploymentPostprocessing = 0;
		};
		E57DF85C2D3E2ED300C92863 /* Frameworks */ = {
			isa = PBXFrameworksBuildPhase;
			buildActionMask = 2147483647;
			files = (
			);
			runOnlyForDeploymentPostprocessing = 0;
		};
/* End PBXFrameworksBuildPhase section */

/* Begin PBXGroup section */
		E57DF83C2D3E2ED200C92863 = {
			isa = PBXGroup;
			children = (
				E57DF8482D3E2ED200C92863 /* BoardroomApp.swift */,
				E5EBA6722D3F714300A8DF16 /*  Networking */,
				E57DF8472D3E2ED200C92863 /* Boardroom */,
				E57DF8582D3E2ED300C92863 /* BoardroomTests */,
				E57DF8622D3E2ED300C92863 /* BoardroomUITests */,
				E57DF8462D3E2ED200C92863 /* Products */,
			);
			sourceTree = "<group>";
		};
		E57DF8462D3E2ED200C92863 /* Products */ = {
			isa = PBXGroup;
			children = (
				E57DF8452D3E2ED200C92863 /* Boardroom.app */,
				E57DF8552D3E2ED300C92863 /* BoardroomTests.xctest */,
				E57DF85F2D3E2ED300C92863 /* BoardroomUITests.xctest */,
			);
			name = Products;
			sourceTree = "<group>";
		};
/* End PBXGroup section */

/* Begin PBXNativeTarget section */
		E57DF8442D3E2ED200C92863 /* Boardroom */ = {
			isa = PBXNativeTarget;
			buildConfigurationList = E57DF8692D3E2ED300C92863 /* Build configuration list for PBXNativeTarget "Boardroom" */;
			buildPhases = (
				E57DF8412D3E2ED200C92863 /* Sources */,
				E57DF8422D3E2ED200C92863 /* Frameworks */,
				E57DF8432D3E2ED200C92863 /* Resources */,
			);
			buildRules = (
			);
			dependencies = (
			);
			fileSystemSynchronizedGroups = (
				E57DF8472D3E2ED200C92863 /* Boardroom */,
				E5EBA6722D3F714300A8DF16 /*  Networking */,
			);
			name = Boardroom;
			packageProductDependencies = (
			);
			productName = Boardroom;
			productReference = E57DF8452D3E2ED200C92863 /* Boardroom.app */;
			productType = "com.apple.product-type.application";
		};
		E57DF8542D3E2ED300C92863 /* BoardroomTests */ = {
			isa = PBXNativeTarget;
			buildConfigurationList = E57DF86C2D3E2ED300C92863 /* Build configuration list for PBXNativeTarget "BoardroomTests" */;
			buildPhases = (
				E57DF8512D3E2ED300C92863 /* Sources */,
				E57DF8522D3E2ED300C92863 /* Frameworks */,
				E57DF8532D3E2ED300C92863 /* Resources */,
			);
			buildRules = (
			);
			dependencies = (
				E57DF8572D3E2ED300C92863 /* PBXTargetDependency */,
			);
			fileSystemSynchronizedGroups = (
				E57DF8582D3E2ED300C92863 /* BoardroomTests */,
			);
			name = BoardroomTests;
			packageProductDependencies = (
			);
			productName = BoardroomTests;
			productReference = E57DF8552D3E2ED300C92863 /* BoardroomTests.xctest */;
			productType = "com.apple.product-type.bundle.unit-test";
		};
		E57DF85E2D3E2ED300C92863 /* BoardroomUITests */ = {
			isa = PBXNativeTarget;
			buildConfigurationList = E57DF86F2D3E2ED300C92863 /* Build configuration list for PBXNativeTarget "BoardroomUITests" */;
			buildPhases = (
				E57DF85B2D3E2ED300C92863 /* Sources */,
				E57DF85C2D3E2ED300C92863 /* Frameworks */,
				E57DF85D2D3E2ED300C92863 /* Resources */,
			);
			buildRules = (
			);
			dependencies = (
				E57DF8612D3E2ED300C92863 /* PBXTargetDependency */,
			);
			fileSystemSynchronizedGroups = (
				E57DF8622D3E2ED300C92863 /* BoardroomUITests */,
			);
			name = BoardroomUITests;
			packageProductDependencies = (
			);
			productName = BoardroomUITests;
			productReference = E57DF85F2D3E2ED300C92863 /* BoardroomUITests.xctest */;
			productType = "com.apple.product-type.bundle.ui-testing";
		};
/* End PBXNativeTarget section */

/* Begin PBXProject section */
		E57DF83D2D3E2ED200C92863 /* Project object */ = {
			isa = PBXProject;
			attributes = {
				BuildIndependentTargetsInParallel = 1;
				LastSwiftUpdateCheck = 1620;
				LastUpgradeCheck = 1620;
				TargetAttributes = {
					E57DF8442D3E2ED200C92863 = {
						CreatedOnToolsVersion = 16.2;
					};
					E57DF8542D3E2ED300C92863 = {
						CreatedOnToolsVersion = 16.2;
						TestTargetID = E57DF8442D3E2ED200C92863;
					};
					E57DF85E2D3E2ED300C92863 = {
						CreatedOnToolsVersion = 16.2;
						TestTargetID = E57DF8442D3E2ED200C92863;
					};
				};
			};
			buildConfigurationList = E57DF8402D3E2ED200C92863 /* Build configuration list for PBXProject "Boardroom" */;
			developmentRegion = en;
			hasScannedForEncodings = 0;
			knownRegions = (
				en,
				Base,
			);
			mainGroup = E57DF83C2D3E2ED200C92863;
			minimizedProjectReferenceProxies = 1;
			preferredProjectObjectVersion = 77;
			productRefGroup = E57DF8462D3E2ED200C92863 /* Products */;
			projectDirPath = "";
			projectRoot = "";
			targets = (
				E57DF8442D3E2ED200C92863 /* Boardroom */,
				E57DF8542D3E2ED300C92863 /* BoardroomTests */,
				E57DF85E2D3E2ED300C92863 /* BoardroomUITests */,
			);
		};
/* End PBXProject section */

/* Begin PBXResourcesBuildPhase section */
		E57DF8432D3E2ED200C92863 /* Resources */ = {
			isa = PBXResourcesBuildPhase;
			buildActionMask = 2147483647;
			files = (
			);
			runOnlyForDeploymentPostprocessing = 0;
		};
		E57DF8532D3E2ED300C92863 /* Resources */ = {
			isa = PBXResourcesBuildPhase;
			buildActionMask = 2147483647;
			files = (
			);
			runOnlyForDeploymentPostprocessing = 0;
		};
		E57DF85D2D3E2ED300C92863 /* Resources */ = {
			isa = PBXResourcesBuildPhase;
			buildActionMask = 2147483647;
			files = (
			);
			runOnlyForDeploymentPostprocessing = 0;
		};
/* End PBXResourcesBuildPhase section */

/* Begin PBXSourcesBuildPhase section */
		E57DF8412D3E2ED200C92863 /* Sources */ = {
			isa = PBXSourcesBuildPhase;
			buildActionMask = 2147483647;
			files = (
				E57DF8492D3E2ED200C92863 /* BoardroomApp.swift in Sources */,
			);
			runOnlyForDeploymentPostprocessing = 0;
		};
		E57DF8512D3E2ED300C92863 /* Sources */ = {
			isa = PBXSourcesBuildPhase;
			buildActionMask = 2147483647;
			files = (
			);
			runOnlyForDeploymentPostprocessing = 0;
		};
		E57DF85B2D3E2ED300C92863 /* Sources */ = {
			isa = PBXSourcesBuildPhase;
			buildActionMask = 2147483647;
			files = (
			);
			runOnlyForDeploymentPostprocessing = 0;
		};
/* End PBXSourcesBuildPhase section */

/* Begin PBXTargetDependency section */
		E57DF8572D3E2ED300C92863 /* PBXTargetDependency */ = {
			isa = PBXTargetDependency;
			target = E57DF8442D3E2ED200C92863 /* Boardroom */;
			targetProxy = E57DF8562D3E2ED300C92863 /* PBXContainerItemProxy */;
		};
		E57DF8612D3E2ED300C92863 /* PBXTargetDependency */ = {
			isa = PBXTargetDependency;
			target = E57DF8442D3E2ED200C92863 /* Boardroom */;
			targetProxy = E57DF8602D3E2ED300C92863 /* PBXContainerItemProxy */;
		};
/* End PBXTargetDependency section */

/* Begin XCBuildConfiguration section */
		E57DF8672D3E2ED300C92863 /* Debug */ = {
			isa = XCBuildConfiguration;
			buildSettings = {
				ALWAYS_SEARCH_USER_PATHS = NO;
				ASSETCATALOG_COMPILER_GENERATE_SWIFT_ASSET_SYMBOL_EXTENSIONS = YES;
				CLANG_ANALYZER_NONNULL = YES;
				CLANG_ANALYZER_NUMBER_OBJECT_CONVERSION = YES_AGGRESSIVE;
				CLANG_CXX_LANGUAGE_STANDARD = "gnu++20";
				CLANG_ENABLE_MODULES = YES;
				CLANG_ENABLE_OBJC_ARC = YES;
				CLANG_ENABLE_OBJC_WEAK = YES;
				CLANG_WARN_BLOCK_CAPTURE_AUTORELEASING = YES;
				CLANG_WARN_BOOL_CONVERSION = YES;
				CLANG_WARN_COMMA = YES;
				CLANG_WARN_CONSTANT_CONVERSION = YES;
				CLANG_WARN_DEPRECATED_OBJC_IMPLEMENTATIONS = YES;
				CLANG_WARN_DIRECT_OBJC_ISA_USAGE = YES_ERROR;
				CLANG_WARN_DOCUMENTATION_COMMENTS = YES;
				CLANG_WARN_EMPTY_BODY = YES;
				CLANG_WARN_ENUM_CONVERSION = YES;
				CLANG_WARN_INFINITE_RECURSION = YES;
				CLANG_WARN_INT_CONVERSION = YES;
				CLANG_WARN_NON_LITERAL_NULL_CONVERSION = YES;
				CLANG_WARN_OBJC_IMPLICIT_RETAIN_SELF = YES;
				CLANG_WARN_OBJC_LITERAL_CONVERSION = YES;
				CLANG_WARN_OBJC_ROOT_CLASS = YES_ERROR;
				CLANG_WARN_QUOTED_INCLUDE_IN_FRAMEWORK_HEADER = YES;
				CLANG_WARN_RANGE_LOOP_ANALYSIS = YES;
				CLANG_WARN_STRICT_PROTOTYPES = YES;
				CLANG_WARN_SUSPICIOUS_MOVE = YES;
				CLANG_WARN_UNGUARDED_AVAILABILITY = YES_AGGRESSIVE;
				CLANG_WARN_UNREACHABLE_CODE = YES;
				CLANG_WARN__DUPLICATE_METHOD_MATCH = YES;
				COPY_PHASE_STRIP = NO;
				DEBUG_INFORMATION_FORMAT = dwarf;
				ENABLE_STRICT_OBJC_MSGSEND = YES;
				ENABLE_TESTABILITY = YES;
				ENABLE_USER_SCRIPT_SANDBOXING = YES;
				GCC_C_LANGUAGE_STANDARD = gnu17;
				GCC_DYNAMIC_NO_PIC = NO;
				GCC_NO_COMMON_BLOCKS = YES;
				GCC_OPTIMIZATION_LEVEL = 0;
				GCC_PREPROCESSOR_DEFINITIONS = (
					"DEBUG=1",
					"$(inherited)",
				);
				GCC_WARN_64_TO_32_BIT_CONVERSION = YES;
				GCC_WARN_ABOUT_RETURN_TYPE = YES_ERROR;
				GCC_WARN_UNDECLARED_SELECTOR = YES;
				GCC_WARN_UNINITIALIZED_AUTOS = YES_AGGRESSIVE;
				GCC_WARN_UNUSED_FUNCTION = YES;
				GCC_WARN_UNUSED_VARIABLE = YES;
				IPHONEOS_DEPLOYMENT_TARGET = 18.2;
				LOCALIZATION_PREFERS_STRING_CATALOGS = YES;
				MTL_ENABLE_DEBUG_INFO = INCLUDE_SOURCE;
				MTL_FAST_MATH = YES;
				ONLY_ACTIVE_ARCH = YES;
				SDKROOT = iphoneos;
				SWIFT_ACTIVE_COMPILATION_CONDITIONS = "DEBUG $(inherited)";
				SWIFT_OPTIMIZATION_LEVEL = "-Onone";
			};
			name = Debug;
		};
		E57DF8682D3E2ED300C92863 /* Release */ = {
			isa = XCBuildConfiguration;
			buildSettings = {
				ALWAYS_SEARCH_USER_PATHS = NO;
				ASSETCATALOG_COMPILER_GENERATE_SWIFT_ASSET_SYMBOL_EXTENSIONS = YES;
				CLANG_ANALYZER_NONNULL = YES;
				CLANG_ANALYZER_NUMBER_OBJECT_CONVERSION = YES_AGGRESSIVE;
				CLANG_CXX_LANGUAGE_STANDARD = "gnu++20";
				CLANG_ENABLE_MODULES = YES;
				CLANG_ENABLE_OBJC_ARC = YES;
				CLANG_ENABLE_OBJC_WEAK = YES;
				CLANG_WARN_BLOCK_CAPTURE_AUTORELEASING = YES;
				CLANG_WARN_BOOL_CONVERSION = YES;
				CLANG_WARN_COMMA = YES;
				CLANG_WARN_CONSTANT_CONVERSION = YES;
				CLANG_WARN_DEPRECATED_OBJC_IMPLEMENTATIONS = YES;
				CLANG_WARN_DIRECT_OBJC_ISA_USAGE = YES_ERROR;
				CLANG_WARN_DOCUMENTATION_COMMENTS = YES;
				CLANG_WARN_EMPTY_BODY = YES;
				CLANG_WARN_ENUM_CONVERSION = YES;
				CLANG_WARN_INFINITE_RECURSION = YES;
				CLANG_WARN_INT_CONVERSION = YES;
				CLANG_WARN_NON_LITERAL_NULL_CONVERSION = YES;
				CLANG_WARN_OBJC_IMPLICIT_RETAIN_SELF = YES;
				CLANG_WARN_OBJC_LITERAL_CONVERSION = YES;
				CLANG_WARN_OBJC_ROOT_CLASS = YES_ERROR;
				CLANG_WARN_QUOTED_INCLUDE_IN_FRAMEWORK_HEADER = YES;
				CLANG_WARN_RANGE_LOOP_ANALYSIS = YES;
				CLANG_WARN_STRICT_PROTOTYPES = YES;
				CLANG_WARN_SUSPICIOUS_MOVE = YES;
				CLANG_WARN_UNGUARDED_AVAILABILITY = YES_AGGRESSIVE;
				CLANG_WARN_UNREACHABLE_CODE = YES;
				CLANG_WARN__DUPLICATE_METHOD_MATCH = YES;
				COPY_PHASE_STRIP = NO;
				DEBUG_INFORMATION_FORMAT = "dwarf-with-dsym";
				ENABLE_NS_ASSERTIONS = NO;
				ENABLE_STRICT_OBJC_MSGSEND = YES;
				ENABLE_USER_SCRIPT_SANDBOXING = YES;
				GCC_C_LANGUAGE_STANDARD = gnu17;
				GCC_NO_COMMON_BLOCKS = YES;
				GCC_WARN_64_TO_32_BIT_CONVERSION = YES;
				GCC_WARN_ABOUT_RETURN_TYPE = YES_ERROR;
				GCC_WARN_UNDECLARED_SELECTOR = YES;
				GCC_WARN_UNINITIALIZED_AUTOS = YES_AGGRESSIVE;
				GCC_WARN_UNUSED_FUNCTION = YES;
				GCC_WARN_UNUSED_VARIABLE = YES;
				IPHONEOS_DEPLOYMENT_TARGET = 18.2;
				LOCALIZATION_PREFERS_STRING_CATALOGS = YES;
				MTL_ENABLE_DEBUG_INFO = NO;
				MTL_FAST_MATH = YES;
				SDKROOT = iphoneos;
				SWIFT_COMPILATION_MODE = wholemodule;
				VALIDATE_PRODUCT = YES;
			};
			name = Release;
		};
		E57DF86A2D3E2ED300C92863 /* Debug */ = {
			isa = XCBuildConfiguration;
			buildSettings = {
				ASSETCATALOG_COMPILER_APPICON_NAME = AppIcon;
				ASSETCATALOG_COMPILER_GLOBAL_ACCENT_COLOR_NAME = AccentColor;
				CODE_SIGN_STYLE = Automatic;
				CURRENT_PROJECT_VERSION = 1;
				DEVELOPMENT_ASSET_PATHS = "\"Boardroom/Preview Content\"";
				DEVELOPMENT_TEAM = KTC54TQFY3;
				ENABLE_PREVIEWS = YES;
				GENERATE_INFOPLIST_FILE = YES;
				INFOPLIST_KEY_UIApplicationSceneManifest_Generation = YES;
				INFOPLIST_KEY_UIApplicationSupportsIndirectInputEvents = YES;
				INFOPLIST_KEY_UILaunchScreen_Generation = YES;
				INFOPLIST_KEY_UISupportedInterfaceOrientations_iPad = "UIInterfaceOrientationPortrait UIInterfaceOrientationPortraitUpsideDown UIInterfaceOrientationLandscapeLeft UIInterfaceOrientationLandscapeRight";
				INFOPLIST_KEY_UISupportedInterfaceOrientations_iPhone = "UIInterfaceOrientationPortrait UIInterfaceOrientationLandscapeLeft UIInterfaceOrientationLandscapeRight";
				LD_RUNPATH_SEARCH_PATHS = (
					"$(inherited)",
					"@executable_path/Frameworks",
				);
				MARKETING_VERSION = 1.0;
				PRODUCT_BUNDLE_IDENTIFIER = com.Amaal.Boardroom;
				PRODUCT_NAME = "$(TARGET_NAME)";
				SWIFT_EMIT_LOC_STRINGS = YES;
				SWIFT_VERSION = 5.0;
				TARGETED_DEVICE_FAMILY = "1,2";
			};
			name = Debug;
		};
		E57DF86B2D3E2ED300C92863 /* Release */ = {
			isa = XCBuildConfiguration;
			buildSettings = {
				ASSETCATALOG_COMPILER_APPICON_NAME = AppIcon;
				ASSETCATALOG_COMPILER_GLOBAL_ACCENT_COLOR_NAME = AccentColor;
				CODE_SIGN_STYLE = Automatic;
				CURRENT_PROJECT_VERSION = 1;
				DEVELOPMENT_ASSET_PATHS = "\"Boardroom/Preview Content\"";
				DEVELOPMENT_TEAM = KTC54TQFY3;
				ENABLE_PREVIEWS = YES;
				GENERATE_INFOPLIST_FILE = YES;
				INFOPLIST_KEY_UIApplicationSceneManifest_Generation = YES;
				INFOPLIST_KEY_UIApplicationSupportsIndirectInputEvents = YES;
				INFOPLIST_KEY_UILaunchScreen_Generation = YES;
				INFOPLIST_KEY_UISupportedInterfaceOrientations_iPad = "UIInterfaceOrientationPortrait UIInterfaceOrientationPortraitUpsideDown UIInterfaceOrientationLandscapeLeft UIInterfaceOrientationLandscapeRight";
				INFOPLIST_KEY_UISupportedInterfaceOrientations_iPhone = "UIInterfaceOrientationPortrait UIInterfaceOrientationLandscapeLeft UIInterfaceOrientationLandscapeRight";
				LD_RUNPATH_SEARCH_PATHS = (
					"$(inherited)",
					"@executable_path/Frameworks",
				);
				MARKETING_VERSION = 1.0;
				PRODUCT_BUNDLE_IDENTIFIER = com.Amaal.Boardroom;
				PRODUCT_NAME = "$(TARGET_NAME)";
				SWIFT_EMIT_LOC_STRINGS = YES;
				SWIFT_VERSION = 5.0;
				TARGETED_DEVICE_FAMILY = "1,2";
			};
			name = Release;
		};
		E57DF86D2D3E2ED300C92863 /* Debug */ = {
			isa = XCBuildConfiguration;
			buildSettings = {
				BUNDLE_LOADER = "$(TEST_HOST)";
				CODE_SIGN_STYLE = Automatic;
				CURRENT_PROJECT_VERSION = 1;
				DEVELOPMENT_TEAM = KTC54TQFY3;
				GENERATE_INFOPLIST_FILE = YES;
				IPHONEOS_DEPLOYMENT_TARGET = 18.2;
				MARKETING_VERSION = 1.0;
				PRODUCT_BUNDLE_IDENTIFIER = com.Amaal.BoardroomTests;
				PRODUCT_NAME = "$(TARGET_NAME)";
				SWIFT_EMIT_LOC_STRINGS = NO;
				SWIFT_VERSION = 5.0;
				TARGETED_DEVICE_FAMILY = "1,2";
				TEST_HOST = "$(BUILT_PRODUCTS_DIR)/Boardroom.app/$(BUNDLE_EXECUTABLE_FOLDER_PATH)/Boardroom";
			};
			name = Debug;
		};
		E57DF86E2D3E2ED300C92863 /* Release */ = {
			isa = XCBuildConfiguration;
			buildSettings = {
				BUNDLE_LOADER = "$(TEST_HOST)";
				CODE_SIGN_STYLE = Automatic;
				CURRENT_PROJECT_VERSION = 1;
				DEVELOPMENT_TEAM = KTC54TQFY3;
				GENERATE_INFOPLIST_FILE = YES;
				IPHONEOS_DEPLOYMENT_TARGET = 18.2;
				MARKETING_VERSION = 1.0;
				PRODUCT_BUNDLE_IDENTIFIER = com.Amaal.BoardroomTests;
				PRODUCT_NAME = "$(TARGET_NAME)";
				SWIFT_EMIT_LOC_STRINGS = NO;
				SWIFT_VERSION = 5.0;
				TARGETED_DEVICE_FAMILY = "1,2";
				TEST_HOST = "$(BUILT_PRODUCTS_DIR)/Boardroom.app/$(BUNDLE_EXECUTABLE_FOLDER_PATH)/Boardroom";
			};
			name = Release;
		};
		E57DF8702D3E2ED300C92863 /* Debug */ = {
			isa = XCBuildConfiguration;
			buildSettings = {
				CODE_SIGN_STYLE = Automatic;
				CURRENT_PROJECT_VERSION = 1;
				DEVELOPMENT_TEAM = KTC54TQFY3;
				GENERATE_INFOPLIST_FILE = YES;
				MARKETING_VERSION = 1.0;
				PRODUCT_BUNDLE_IDENTIFIER = com.Amaal.BoardroomUITests;
				PRODUCT_NAME = "$(TARGET_NAME)";
				SWIFT_EMIT_LOC_STRINGS = NO;
				SWIFT_VERSION = 5.0;
				TARGETED_DEVICE_FAMILY = "1,2";
				TEST_TARGET_NAME = Boardroom;
			};
			name = Debug;
		};
		E57DF8712D3E2ED300C92863 /* Release */ = {
			isa = XCBuildConfiguration;
			buildSettings = {
				CODE_SIGN_STYLE = Automatic;
				CURRENT_PROJECT_VERSION = 1;
				DEVELOPMENT_TEAM = KTC54TQFY3;
				GENERATE_INFOPLIST_FILE = YES;
				MARKETING_VERSION = 1.0;
				PRODUCT_BUNDLE_IDENTIFIER = com.Amaal.BoardroomUITests;
				PRODUCT_NAME = "$(TARGET_NAME)";
				SWIFT_EMIT_LOC_STRINGS = NO;
				SWIFT_VERSION = 5.0;
				TARGETED_DEVICE_FAMILY = "1,2";
				TEST_TARGET_NAME = Boardroom;
			};
			name = Release;
		};
/* End XCBuildConfiguration section */

/* Begin XCConfigurationList section */
		E57DF8402D3E2ED200C92863 /* Build configuration list for PBXProject "Boardroom" */ = {
			isa = XCConfigurationList;
			buildConfigurations = (
				E57DF8672D3E2ED300C92863 /* Debug */,
				E57DF8682D3E2ED300C92863 /* Release */,
			);
			defaultConfigurationIsVisible = 0;
			defaultConfigurationName = Release;
		};
		E57DF8692D3E2ED300C92863 /* Build configuration list for PBXNativeTarget "Boardroom" */ = {
			isa = XCConfigurationList;
			buildConfigurations = (
				E57DF86A2D3E2ED300C92863 /* Debug */,
				E57DF86B2D3E2ED300C92863 /* Release */,
			);
			defaultConfigurationIsVisible = 0;
			defaultConfigurationName = Release;
		};
		E57DF86C2D3E2ED300C92863 /* Build configuration list for PBXNativeTarget "BoardroomTests" */ = {
			isa = XCConfigurationList;
			buildConfigurations = (
				E57DF86D2D3E2ED300C92863 /* Debug */,
				E57DF86E2D3E2ED300C92863 /* Release */,
			);
			defaultConfigurationIsVisible = 0;
			defaultConfigurationName = Release;
		};
		E57DF86F2D3E2ED300C92863 /* Build configuration list for PBXNativeTarget "BoardroomUITests" */ = {
			isa = XCConfigurationList;
			buildConfigurations = (
				E57DF8702D3E2ED300C92863 /* Debug */,
				E57DF8712D3E2ED300C92863 /* Release */,
			);
			defaultConfigurationIsVisible = 0;
			defaultConfigurationName = Release;
		};
/* End XCConfigurationList section */
	};
	rootObject = E57DF83D2D3E2ED200C92863 /* Project object */;
}
